
Microsoft Visual Studio Solution File, Format Version 12.00
# Visual Studio Version 17
VisualStudioVersion = 17.3.32929.385
MinimumVisualStudioVersion = 10.0.40219.1
Project("{9A19103F-16F7-4668-BE54-9A1E7A4F7556}") = "DataAccess", "DataAccess\DataAccess.csproj", "{449D9020-2781-45EA-ABA1-3E4567CD5BDD}"
EndProject
Project("{9A19103F-16F7-4668-BE54-9A1E7A4F7556}") = "Business", "Business\Business.csproj", "{AEDBDA35-718A-432C-9844-1E323EAE21D5}"
EndProject
Project("{9A19103F-16F7-4668-BE54-9A1E7A4F7556}") = "Entities", "Entities\Entities.csproj", "{AAB00891-419E-4B8B-8E8D-C3F3F848060E}"
EndProject
Project("{9A19103F-16F7-4668-BE54-9A1E7A4F7556}") = "ConsoleUI", "ConsoleUI\ConsoleUI.csproj", "{166066AE-CFE5-4935-9276-F7E673819EF3}"
EndProject
Project("{FAE04EC0-301F-11D3-BF4B-00C04F79EFBC}") = "Core", "Core\Core.csproj", "{4E587962-864D-4C36-B815-5610E420C6E2}"
EndProject
Global
	GlobalSection(SolutionConfigurationPlatforms) = preSolution
		Debug|Any CPU = Debug|Any CPU
		Release|Any CPU = Release|Any CPU
	EndGlobalSection
	GlobalSection(ProjectConfigurationPlatforms) = postSolution
		{449D9020-2781-45EA-ABA1-3E4567CD5BDD}.Debug|Any CPU.ActiveCfg = Debug|Any CPU
		{449D9020-2781-45EA-ABA1-3E4567CD5BDD}.Debug|Any CPU.Build.0 = Debug|Any CPU
		{449D9020-2781-45EA-ABA1-3E4567CD5BDD}.Release|Any CPU.ActiveCfg = Release|Any CPU
		{449D9020-2781-45EA-ABA1-3E4567CD5BDD}.Release|Any CPU.Build.0 = Release|Any CPU
		{AEDBDA35-718A-432C-9844-1E323EAE21D5}.Debug|Any CPU.ActiveCfg = Debug|Any CPU
		{AEDBDA35-718A-432C-9844-1E323EAE21D5}.Debug|Any CPU.Build.0 = Debug|Any CPU
		{AEDBDA35-718A-432C-9844-1E323EAE21D5}.Release|Any CPU.ActiveCfg = Release|Any CPU
		{AEDBDA35-718A-432C-9844-1E323EAE21D5}.Release|Any CPU.Build.0 = Release|Any CPU
		{AAB00891-419E-4B8B-8E8D-C3F3F848060E}.Debug|Any CPU.ActiveCfg = Debug|Any CPU
		{AAB00891-419E-4B8B-8E8D-C3F3F848060E}.Debug|Any CPU.Build.0 = Debug|Any CPU
		{AAB00891-419E-4B8B-8E8D-C3F3F848060E}.Release|Any CPU.ActiveCfg = Release|Any CPU
		{AAB00891-419E-4B8B-8E8D-C3F3F848060E}.Release|Any CPU.Build.0 = Release|Any CPU
		{166066AE-CFE5-4935-9276-F7E673819EF3}.Debug|Any CPU.ActiveCfg = Debug|Any CPU
		{166066AE-CFE5-4935-9276-F7E673819EF3}.Debug|Any CPU.Build.0 = Debug|Any CPU
		{166066AE-CFE5-4935-9276-F7E673819EF3}.Release|Any CPU.ActiveCfg = Release|Any CPU
		{166066AE-CFE5-4935-9276-F7E673819EF3}.Release|Any CPU.Build.0 = Release|Any CPU
		{4E587962-864D-4C36-B815-5610E420C6E2}.Debug|Any CPU.ActiveCfg = Debug|Any CPU
		{4E587962-864D-4C36-B815-5610E420C6E2}.Debug|Any CPU.Build.0 = Debug|Any CPU
		{4E587962-864D-4C36-B815-5610E420C6E2}.Release|Any CPU.ActiveCfg = Release|Any CPU
		{4E587962-864D-4C36-B815-5610E420C6E2}.Release|Any CPU.Build.0 = Release|Any CPU
	EndGlobalSection
	GlobalSection(SolutionProperties) = preSolution
		HideSolutionNode = FALSE
	EndGlobalSection
	GlobalSection(ExtensibilityGlobals) = postSolution
		SolutionGuid = {6110A1C2-C631-47DE-B7B7-9A8497B6AF43}
	EndGlobalSection
EndGlobal
